lockfileVersion: '9.0'

settings:
  autoInstallPeers: true
  excludeLinksFromLockfile: false

importers:

  .:
    dependencies:
      proxy-agent:
        specifier: ^8.0.1
        version: 8.0.1
      undici:
        specifier: ^7.25.0
        version: 7.25.0
    devDependencies:
      '@types/node':
        specifier: ^20.19.40
        version: 20.19.40
      '@types/ws':
        specifier: ^8.18.1
        version: 8.18.1
      tsx:
        specifier: ^4.21.0
        version: 4.21.0
      typescript:
        specifier: ^5.9.3
        version: 5.9.3
      ws:
        specifier: ^8.20.0
        version: 8.20.0

packages:

  '@esbuild/aix-ppc64@0.27.7':
    resolution: {integrity: sha512-EKX3Qwmhz1eMdEJokhALr0YiD0lhQNwDqkPYyPhiSwKrh7/4KRjQc04sZ8db+5DVVnZ1LmbNDI1uAMPEUBnQPg==, tarball: https://packages.atlassian.com/api/npm/npm-remote/@esbuild/aix-ppc64/-/aix-ppc64-0.27.7.tgz}
    engines: {node: '>=18'}
    cpu: [ppc64]
    os: [aix]

  '@esbuild/android-arm64@0.27.7':
    resolution: {integrity: sha512-62dPZHpIXzvChfvfLJow3q5dDtiNMkwiRzPylSCfriLvZeq0a1bWChrGx/BbUbPwOrsWKMn8idSllklzBy+dgQ==, tarball: https://packages.atlassian.com/api/npm/npm-remote/@esbuild/android-arm64/-/android-arm64-0.27.7.tgz}
    engines: {node: '>=18'}
    cpu: [arm64]
    os: [android]

  '@esbuild/android-arm@0.27.7':
    resolution: {integrity: sha512-jbPXvB4Yj2yBV7HUfE2KHe4GJX51QplCN1pGbYjvsyCZbQmies29EoJbkEc+vYuU5o45AfQn37vZlyXy4YJ8RQ==, tarball: https://packages.atlassian.com/api/npm/npm-remote/@esbuild/android-arm/-/android-arm-0.27.7.tgz}
    engines: {node: '>=18'}
    cpu: [arm]
    os: [android]

  '@esbuild/android-x64@0.27.7':
    resolution: {integrity: sha512-x5VpMODneVDb70PYV2VQOmIUUiBtY3D3mPBG8NxVk5CogneYhkR7MmM3yR/uMdITLrC1ml/NV1rj4bMJuy9MCg==, tarball: https://packages.atlassian.com/api/npm/npm-remote/@esbuild/android-x64/-/android-x64-0.27.7.tgz}
    engines: {node: '>=18'}
    cpu: [x64]
    os: [android]

  '@esbuild/darwin-arm64@0.27.7':
    resolution: {integrity: sha512-5lckdqeuBPlKUwvoCXIgI2D9/ABmPq3Rdp7IfL70393YgaASt7tbju3Ac+ePVi3KDH6N2RqePfHnXkaDtY9fkw==, tarball: https://packages.atlassian.com/api/npm/npm-remote/@esbuild/darwin-arm64/-/darwin-arm64-0.27.7.tgz}
    engines: {node: '>=18'}
    cpu: [arm64]
    os: [darwin]

  '@esbuild/darwin-x64@0.27.7':
    resolution: {integrity: sha512-rYnXrKcXuT7Z+WL5K980jVFdvVKhCHhUwid+dDYQpH+qu+TefcomiMAJpIiC2EM3Rjtq0sO3StMV/+3w3MyyqQ==, tarball: https://packages.atlassian.com/api/npm/npm-remote/@esbuild/darwin-x64/-/darwin-x64-0.27.7.tgz}
    engines: {node: '>=18'}
    cpu: [x64]
    os: [darwin]

  '@esbuild/freebsd-arm64@0.27.7':
    resolution: {integrity: sha512-B48PqeCsEgOtzME2GbNM2roU29AMTuOIN91dsMO30t+Ydis3z/3Ngoj5hhnsOSSwNzS+6JppqWsuhTp6E82l2w==, tarball: https://packages.atlassian.com/api/npm/npm-remote/@esbuild/freebsd-arm64/-/freebsd-arm64-0.27.7.tgz}
    engines: {node: '>=18'}
    cpu: [arm64]
    os: [freebsd]

  '@esbuild/freebsd-x64@0.27.7':
    resolution: {integrity: sha512-jOBDK5XEjA4m5IJK3bpAQF9/Lelu/Z9ZcdhTRLf4cajlB+8VEhFFRjWgfy3M1O4rO2GQ/b2dLwCUGpiF/eATNQ==, tarball: https://packages.atlassian.com/api/npm/npm-remote/@esbuild/freebsd-x64/-/freebsd-x64-0.27.7.tgz}
    engines: {node: '>=18'}
    cpu: [x64]
    os: [freebsd]

  '@esbuild/linux-arm64@0.27.7':
    resolution: {integrity: sha512-RZPHBoxXuNnPQO9rvjh5jdkRmVizktkT7TCDkDmQ0W2SwHInKCAV95GRuvdSvA7w4VMwfCjUiPwDi0ZO6Nfe9A==, tarball: https://packages.atlassian.com/api/npm/npm-remote/@esbuild/linux-arm64/-/linux-arm64-0.27.7.tgz}
    engines: {node: '>=18'}
    cpu: [arm64]
    os: [linux]

  '@esbuild/linux-arm@0.27.7':
    resolution: {integrity: sha512-RkT/YXYBTSULo3+af8Ib0ykH8u2MBh57o7q/DAs3lTJlyVQkgQvlrPTnjIzzRPQyavxtPtfg0EopvDyIt0j1rA==, tarball: https://packages.atlassian.com/api/npm/npm-remote/@esbuild/linux-arm/-/linux-arm-0.27.7.tgz}
    engines: {node: '>=18'}
    cpu: [arm]
    os: [linux]

  '@esbuild/linux-ia32@0.27.7':
    resolution: {integrity: sha512-GA48aKNkyQDbd3KtkplYWT102C5sn/EZTY4XROkxONgruHPU72l+gW+FfF8tf2cFjeHaRbWpOYa/uRBz/Xq1Pg==, tarball: https://packages.atlassian.com/api/npm/npm-remote/@esbuild/linux-ia32/-/linux-ia32-0.27.7.tgz}
    engines: {node: '>=18'}
    cpu: [ia32]
    os: [linux]

  '@esbuild/linux-loong64@0.27.7':
    resolution: {integrity: sha512-a4POruNM2oWsD4WKvBSEKGIiWQF8fZOAsycHOt6JBpZ+JN2n2JH9WAv56SOyu9X5IqAjqSIPTaJkqN8F7XOQ5Q==, tarball: https://packages.atlassian.com/api/npm/npm-remote/@esbuild/linux-loong64/-/linux-loong64-0.27.7.tgz}
    engines: {node: '>=18'}
    cpu: [loong64]
    os: [linux]

  '@esbuild/linux-mips64el@0.27.7':
    resolution: {integrity: sha512-KabT5I6StirGfIz0FMgl1I+R1H73Gp0ofL9A3nG3i/cYFJzKHhouBV5VWK1CSgKvVaG4q1RNpCTR2LuTVB3fIw==, tarball: https://packages.atlassian.com/api/npm/npm-remote/@esbuild/linux-mips64el/-/linux-mips64el-0.27.7.tgz}
    engines: {node: '>=18'}
    cpu: [mips64el]
    os: [linux]

  '@esbuild/linux-ppc64@0.27.7':
    resolution: {integrity: sha512-gRsL4x6wsGHGRqhtI+ifpN/vpOFTQtnbsupUF5R5YTAg+y/lKelYR1hXbnBdzDjGbMYjVJLJTd2OFmMewAgwlQ==, tarball: https://packages.atlassian.com/api/npm/npm-remote/@esbuild/linux-ppc64/-/linux-ppc64-0.27.7.tgz}
    engines: {node: '>=18'}
    cpu: [ppc64]
    os: [linux]

  '@esbuild/linux-riscv64@0.27.7':
    resolution: {integrity: sha512-hL25LbxO1QOngGzu2U5xeXtxXcW+/GvMN3ejANqXkxZ/opySAZMrc+9LY/WyjAan41unrR3YrmtTsUpwT66InQ==, tarball: https://packages.atlassian.com/api/npm/npm-remote/@esbuild/linux-riscv64/-/linux-riscv64-0.27.7.tgz}
    engines: {node: '>=18'}
    cpu: [riscv64]
    os: [linux]

  '@esbuild/linux-s390x@0.27.7':
    resolution: {integrity: sha512-2k8go8Ycu1Kb46vEelhu1vqEP+UeRVj2zY1pSuPdgvbd5ykAw82Lrro28vXUrRmzEsUV0NzCf54yARIK8r0fdw==, tarball: https://packages.atlassian.com/api/npm/npm-remote/@esbuild/linux-s390x/-/linux-s390x-0.27.7.tgz}
    engines: {node: '>=18'}
    cpu: [s390x]
    os: [linux]

  '@esbuild/linux-x64@0.27.7':
    resolution: {integrity: sha512-hzznmADPt+OmsYzw1EE33ccA+HPdIqiCRq7cQeL1Jlq2gb1+OyWBkMCrYGBJ+sxVzve2ZJEVeePbLM2iEIZSxA==, tarball: https://packages.atlassian.com/api/npm/npm-remote/@esbuild/linux-x64/-/linux-x64-0.27.7.tgz}
    engines: {node: '>=18'}
    cpu: [x64]
    os: [linux]

  '@esbuild/netbsd-arm64@0.27.7':
    resolution: {integrity: sha512-b6pqtrQdigZBwZxAn1UpazEisvwaIDvdbMbmrly7cDTMFnw/+3lVxxCTGOrkPVnsYIosJJXAsILG9XcQS+Yu6w==, tarball: https://packages.atlassian.com/api/npm/npm-remote/@esbuild/netbsd-arm64/-/netbsd-arm64-0.27.7.tgz}
    engines: {node: '>=18'}
    cpu: [arm64]
    os: [netbsd]

  '@esbuild/netbsd-x64@0.27.7':
    resolution: {integrity: sha512-OfatkLojr6U+WN5EDYuoQhtM+1xco+/6FSzJJnuWiUw5eVcicbyK3dq5EeV/QHT1uy6GoDhGbFpprUiHUYggrw==, tarball: https://packages.atlassian.com/api/npm/npm-remote/@esbuild/netbsd-x64/-/netbsd-x64-0.27.7.tgz}
    engines: {node: '>=18'}
    cpu: [x64]
    os: [netbsd]

  '@esbuild/openbsd-arm64@0.27.7':
    resolution: {integrity: sha512-AFuojMQTxAz75Fo8idVcqoQWEHIXFRbOc1TrVcFSgCZtQfSdc1RXgB3tjOn/krRHENUB4j00bfGjyl2mJrU37A==, tarball: https://packages.atlassian.com/api/npm/npm-remote/@esbuild/openbsd-arm64/-/openbsd-arm64-0.27.7.tgz}
    engines: {node: '>=18'}
    cpu: [arm64]
    os: [openbsd]

  '@esbuild/openbsd-x64@0.27.7':
    resolution: {integrity: sha512-+A1NJmfM8WNDv5CLVQYJ5PshuRm/4cI6WMZRg1by1GwPIQPCTs1GLEUHwiiQGT5zDdyLiRM/l1G0Pv54gvtKIg==, tarball: https://packages.atlassian.com/api/npm/npm-remote/@esbuild/openbsd-x64/-/openbsd-x64-0.27.7.tgz}
    engines: {node: '>=18'}
    cpu: [x64]
    os: [openbsd]

  '@esbuild/openharmony-arm64@0.27.7':
    resolution: {integrity: sha512-+KrvYb/C8zA9CU/g0sR6w2RBw7IGc5J2BPnc3dYc5VJxHCSF1yNMxTV5LQ7GuKteQXZtspjFbiuW5/dOj7H4Yw==, tarball: https://packages.atlassian.com/api/npm/npm-remote/@esbuild/openharmony-arm64/-/openharmony-arm64-0.27.7.tgz}
    engines: {node: '>=18'}
    cpu: [arm64]
    os: [openharmony]

  '@esbuild/sunos-x64@0.27.7':
    resolution: {integrity: sha512-ikktIhFBzQNt/QDyOL580ti9+5mL/YZeUPKU2ivGtGjdTYoqz6jObj6nOMfhASpS4GU4Q/Clh1QtxWAvcYKamA==, tarball: https://packages.atlassian.com/api/npm/npm-remote/@esbuild/sunos-x64/-/sunos-x64-0.27.7.tgz}
    engines: {node: '>=18'}
    cpu: [x64]
    os: [sunos]

  '@esbuild/win32-arm64@0.27.7':
    resolution: {integrity: sha512-7yRhbHvPqSpRUV7Q20VuDwbjW5kIMwTHpptuUzV+AA46kiPze5Z7qgt6CLCK3pWFrHeNfDd1VKgyP4O+ng17CA==, tarball: https://packages.atlassian.com/api/npm/npm-remote/@esbuild/win32-arm64/-/win32-arm64-0.27.7.tgz}
    engines: {node: '>=18'}
    cpu: [arm64]
    os: [win32]

  '@esbuild/win32-ia32@0.27.7':
    resolution: {integrity: sha512-SmwKXe6VHIyZYbBLJrhOoCJRB/Z1tckzmgTLfFYOfpMAx63BJEaL9ExI8x7v0oAO3Zh6D/Oi1gVxEYr5oUCFhw==, tarball: https://packages.atlassian.com/api/npm/npm-remote/@esbuild/win32-ia32/-/win32-ia32-0.27.7.tgz}
    engines: {node: '>=18'}
    cpu: [ia32]
    os: [win32]

  '@esbuild/win32-x64@0.27.7':
    resolution: {integrity: sha512-56hiAJPhwQ1R4i+21FVF7V8kSD5zZTdHcVuRFMW0hn753vVfQN8xlx4uOPT4xoGH0Z/oVATuR82AiqSTDIpaHg==, tarball: https://packages.atlassian.com/api/npm/npm-remote/@esbuild/win32-x64/-/win32-x64-0.27.7.tgz}
    engines: {node: '>=18'}
    cpu: [x64]
    os: [win32]

  '@types/node@20.19.40':
    resolution: {integrity: sha512-xxx6M2IpSTnnKcR0cMvIiohkiCx20/oRPtWGbenFygKCGl3zqUzdNjQ/1V4solq1LU+dgv0nQzeGOuqkqZGg0Q==, tarball: https://packages.atlassian.com/api/npm/npm-remote/@types/node/-/node-20.19.40.tgz}

  '@types/ws@8.18.1':
    resolution: {integrity: sha512-ThVF6DCVhA8kUGy+aazFQ4kXQ7E1Ty7A3ypFOe0IcJV8O/M511G99AW24irKrW56Wt44yG9+ij8FaqoBGkuBXg==, tarball: https://packages.atlassian.com/api/npm/npm-remote/@types/ws/-/ws-8.18.1.tgz}

  agent-base@9.0.0:
    resolution: {integrity: sha512-TQf59BsZnytt8GdJKLPfUZ54g/iaUL2OWDSFCCvMOhsHduDQxO8xC4PNeyIkVcA5KwL2phPSv0douC0fgWzmnA==, tarball: https://packages.atlassian.com/api/npm/npm-remote/agent-base/-/agent-base-9.0.0.tgz}
    engines: {node: '>= 20'}

  ast-types@0.13.4:
    resolution: {integrity: sha512-x1FCFnFifvYDDzTaLII71vG5uvDwgtmDTEVWAxrgeiR8VjMONcCXJx7E+USjDtHlwFmt9MysbqgF9b9Vjr6w+w==, tarball: https://packages.atlassian.com/api/npm/npm-remote/ast-types/-/ast-types-0.13.4.tgz}
    engines: {node: '>=4'}

  basic-ftp@5.3.1:
    resolution: {integrity: sha512-bopVNp6ugyA150DDuZfPFdt1KZ5a94ZDiwX4hMgZDzF+GttD80lEy8kj98kbyhLXnPvhtIo93mdnLIjpCAeeOw==, tarball: https://packages.atlassian.com/api/npm/npm-remote/basic-ftp/-/basic-ftp-5.3.1.tgz}
    engines: {node: '>=10.0.0'}

  data-uri-to-buffer@8.0.0:
    resolution: {integrity: sha512-6UHfyCux51b8PTGDgveqtz1tvphBku5DrMKKJbFAZAJOI2zsjDpDoYE1+QGj7FOMS4BdTFNJsJiR3zEB0xH0yQ==, tarball: https://packages.atlassian.com/api/npm/npm-remote/data-uri-to-buffer/-/data-uri-to-buffer-8.0.0.tgz}
    engines: {node: '>= 20'}

  debug@4.4.3:
    resolution: {integrity: sha512-RGwwWnwQvkVfavKVt22FGLw+xYSdzARwm0ru6DhTVA3umU5hZc28V3kO4stgYryrTlLpuvgI9GiijltAjNbcqA==, tarball: https://packages.atlassian.com/api/npm/npm-remote/debug/-/debug-4.4.3.tgz}
    engines: {node: '>=6.0'}
    peerDependencies:
      supports-color: '*'
    peerDependenciesMeta:
      supports-color:
        optional: true

  degenerator@7.0.1:
    resolution: {integrity: sha512-ABErK0IefDSyHjlPH7WUEenIAX2rPPnrDcDM+TS3z3+zu9TfyKKi07BQM+8rmxpdE2y1v5fjjdoAS/x4D2U60w==, tarball: https://packages.atlassian.com/api/npm/npm-remote/degenerator/-/degenerator-7.0.1.tgz}
    engines: {node: '>= 20'}
    peerDependencies:
      quickjs-wasi: ^2.2.0

  esbuild@0.27.7:
    resolution: {integrity: sha512-IxpibTjyVnmrIQo5aqNpCgoACA/dTKLTlhMHihVHhdkxKyPO1uBBthumT0rdHmcsk9uMonIWS0m4FljWzILh3w==, tarball: https://packages.atlassian.com/api/npm/npm-remote/esbuild/-/esbuild-0.27.7.tgz}
    engines: {node: '>=18'}
    hasBin: true

  escodegen@2.1.0:
    resolution: {integrity: sha512-2NlIDTwUWJN0mRPQOdtQBzbUHvdGY2P1VXSyU83Q3xKxM7WHX2Ql8dKq782Q9TgQUNOLEzEYu9bzLNj1q88I5w==, tarball: https://packages.atlassian.com/api/npm/npm-remote/escodegen/-/escodegen-2.1.0.tgz}
    engines: {node: '>=6.0'}
    hasBin: true

  esprima@4.0.1:
    resolution: {integrity: sha512-eGuFFw7Upda+g4p+QHvnW0RyTX/SVeJBDM/gCtMARO0cLuT2HcEKnTPvhjV6aGeqrCB/sbNop0Kszm0jsaWU4A==, tarball: https://packages.atlassian.com/api/npm/npm-remote/esprima/-/esprima-4.0.1.tgz}
    engines: {node: '>=4'}
    hasBin: true

  estraverse@5.3.0:
    resolution: {integrity: sha512-MMdARuVEQziNTeJD8DgMqmhwR11BRQ/cBP+pLtYdSTnf3MIO8fFeiINEbX36ZdNlfU/7A9f3gUw49B3oQsvwBA==, tarball: https://packages.atlassian.com/api/npm/npm-remote/estraverse/-/estraverse-5.3.0.tgz}
    engines: {node: '>=4.0'}

  esutils@2.0.3:
    resolution: {integrity: sha512-kVscqXk4OCp68SZ0dkgEKVi6/8ij300KBWTJq32P/dYeWTSwK41WyTxalN1eRmA5Z9UU/LX9D7FWSmV9SAYx6g==, tarball: https://packages.atlassian.com/api/npm/npm-remote/esutils/-/esutils-2.0.3.tgz}
    engines: {node: '>=0.10.0'}

  fsevents@2.3.3:
    resolution: {integrity: sha512-5xoDfX+fL7faATnagmWPpbFtwh/R77WmMMqqHGS65C3vvB0YHrgF+B1YmZ3441tMj5n63k0212XNoJwzlhffQw==, tarball: https://packages.atlassian.com/api/npm/npm-remote/fsevents/-/fsevents-2.3.3.tgz}
    engines: {node: ^8.16.0 || ^10.6.0 || >=11.0.0}
    os: [darwin]

  get-tsconfig@4.14.0:
    resolution: {integrity: sha512-yTb+8DXzDREzgvYmh6s9vHsSVCHeC0G3PI5bEXNBHtmshPnO+S5O7qgLEOn0I5QvMy6kpZN8K1NKGyilLb93wA==, tarball: https://packages.atlassian.com/api/npm/npm-remote/get-tsconfig/-/get-tsconfig-4.14.0.tgz}

  get-uri@8.0.0:
    resolution: {integrity: sha512-CqtZlMKvfJeY0Zxv8wazDwXmSKmnMnsmNy8j8+wudi8EyG/pMUB1NqHc+Tv1QaNtpYsK9nOYjb7r7Ufu32RPSw==, tarball: https://packages.atlassian.com/api/npm/npm-remote/get-uri/-/get-uri-8.0.0.tgz}
    engines: {node: '>= 20'}

  http-proxy-agent@9.0.0:
    resolution: {integrity: sha512-FcF8VhXYLQcxWCnt/cCpT2apKsRDUGeVEeMqGu4HSTu29U8Yw0TLOjdYIlDsYk3IkUh+taX4IDWpPcCqKDhCjA==, tarball: https://packages.atlassian.com/api/npm/npm-remote/http-proxy-agent/-/http-proxy-agent-9.0.0.tgz}
    engines: {node: '>= 20'}

  https-proxy-agent@9.0.0:
    resolution: {integrity: sha512-/MVmHp58WkOypgFhCLk4fzpPcFQvTJ/e6LBI7irpIO2HfxUbpmYoHF+KzipzJpxxzJu7aJNWQ0xojJ/dzV2G5g==, tarball: https://packages.atlassian.com/api/npm/npm-remote/https-proxy-agent/-/https-proxy-agent-9.0.0.tgz}
    engines: {node: '>= 20'}

  ip-address@10.2.0:
    resolution: {integrity: sha512-/+S6j4E9AHvW9SWMSEY9Xfy66O5PWvVEJ08O0y5JGyEKQpojb0K0GKpz/v5HJ/G0vi3D2sjGK78119oXZeE0qA==, tarball: https://packages.atlassian.com/api/npm/npm-remote/ip-address/-/ip-address-10.2.0.tgz}
    engines: {node: '>= 12'}

  lru-cache@7.18.3:
    resolution: {integrity: sha512-jumlc0BIUrS3qJGgIkWZsyfAM7NCWiBcCDhnd+3NNM5KbBmLTgHVfWBcg6W+rLUsIpzpERPsvwUP7CckAQSOoA==, tarball: https://packages.atlassian.com/api/npm/npm-remote/lru-cache/-/lru-cache-7.18.3.tgz}
    engines: {node: '>=12'}

  ms@2.1.3:
    resolution: {integrity: sha512-6FlzubTLZG3J2a/NVCAleEhjzq5oxgHyaCU9yYXvcLsvoVaHJq/s5xXI6/XXP6tz7R9xAOtHnSO/tXtF3WRTlA==, tarball: https://packages.atlassian.com/api/npm/npm-remote/ms/-/ms-2.1.3.tgz}

  netmask@2.1.1:
    resolution: {integrity: sha512-eonl3sLUha+S1GzTPxychyhnUzKyeQkZ7jLjKrBagJgPla13F+uQ71HgpFefyHgqrjEbCPkDArxYsjY8/+gLKA==, tarball: https://packages.atlassian.com/api/npm/npm-remote/netmask/-/netmask-2.1.1.tgz}
    engines: {node: '>= 0.4.0'}

  pac-proxy-agent@9.0.1:
    resolution: {integrity: sha512-3ZOSpLboOlpW4yp8Cuv21KlTULRqyJ5Uuad3wXpSKFrxdNgcHEyoa22GRaZ2UlgCVuR6z+5BiavtYVvbajL/Yw==, tarball: https://packages.atlassian.com/api/npm/npm-remote/pac-proxy-agent/-/pac-proxy-agent-9.0.1.tgz}
    engines: {node: '>= 20'}

  pac-resolver@9.0.1:
    resolution: {integrity: sha512-lJbS008tmkj08VhoM8Hzuv/VE5tK9MS0OIQ/7+s0lIF+BYhiQWFYzkSpML7lXs9iBu2jfmzBTLzhe9n6BX+dYw==, tarball: https://packages.atlassian.com/api/npm/npm-remote/pac-resolver/-/pac-resolver-9.0.1.tgz}
    engines: {node: '>= 20'}
    peerDependencies:
      quickjs-wasi: ^2.2.0

  proxy-agent@8.0.1:
    resolution: {integrity: sha512-kccqGBqHZXR8onQhY/ganJjoO8QIKKRiFBhPOzbTZK16attzSZ/0XSmp9H7jrRxPKHjhGyx1q32lMPrJ3uLFgA==, tarball: https://packages.atlassian.com/api/npm/npm-remote/proxy-agent/-/proxy-agent-8.0.1.tgz}
    engines: {node: '>= 20'}

  proxy-from-env@2.1.0:
    resolution: {integrity: sha512-cJ+oHTW1VAEa8cJslgmUZrc+sjRKgAKl3Zyse6+PV38hZe/V6Z14TbCuXcan9F9ghlz4QrFr2c92TNF82UkYHA==, tarball: https://packages.atlassian.com/api/npm/npm-remote/proxy-from-env/-/proxy-from-env-2.1.0.tgz}
    engines: {node: '>=10'}

  quickjs-wasi@2.2.0:
    resolution: {integrity: sha512-zQxXmQMrEoD3S+jQdYsloq4qAuaxKFHZj6hHqOYGwB2iQZH+q9e/lf5zQPXCKOk0WJuAjzRFbO4KwHIp2D05Iw==, tarball: https://packages.atlassian.com/api/npm/npm-remote/quickjs-wasi/-/quickjs-wasi-2.2.0.tgz}

  resolve-pkg-maps@1.0.0:
    resolution: {integrity: sha512-seS2Tj26TBVOC2NIc2rOe2y2ZO7efxITtLZcGSOnHHNOQ7CkiUBfw0Iw2ck6xkIhPwLhKNLS8BO+hEpngQlqzw==, tarball: https://packages.atlassian.com/api/npm/npm-remote/resolve-pkg-maps/-/resolve-pkg-maps-1.0.0.tgz}

  smart-buffer@4.2.0:
    resolution: {integrity: sha512-94hK0Hh8rPqQl2xXc3HsaBoOXKV20MToPkcXvwbISWLEs+64sBq5kFgn2kJDHb1Pry9yrP0dxrCI9RRci7RXKg==, tarball: https://packages.atlassian.com/api/npm/npm-remote/smart-buffer/-/smart-buffer-4.2.0.tgz}
    engines: {node: '>= 6.0.0', npm: '>= 3.0.0'}

  socks-proxy-agent@10.0.0:
    resolution: {integrity: sha512-pyp2YR3mNxAMu0mGLtzs4g7O3uT4/9sQOLAKcViAkaS9fJWkud7nmaf6ZREFqQEi24IPkBcjfHjXhPTUWjo3uA==, tarball: https://packages.atlassian.com/api/npm/npm-remote/socks-proxy-agent/-/socks-proxy-agent-10.0.0.tgz}
    engines: {node: '>= 20'}

  socks@2.8.8:
    resolution: {integrity: sha512-NlGELfPrgX2f1TAAcz0WawlLn+0r3FyhhCRpFFK2CemXenPYvzMWWZINv3eDNo9ucdwme7oCHRY0Jnbs4aIkog==, tarball: https://packages.atlassian.com/api/npm/npm-remote/socks/-/socks-2.8.8.tgz}
    engines: {node: '>= 10.0.0', npm: '>= 3.0.0'}

  source-map@0.6.1:
    resolution: {integrity: sha512-UjgapumWlbMhkBgzT7Ykc5YXUT46F0iKu8SGXq0bcwP5dz/h0Plj6enJqjz1Zbq2l5WaqYnrVbwWOWMyF3F47g==, tarball: https://packages.atlassian.com/api/npm/npm-remote/source-map/-/source-map-0.6.1.tgz}
    engines: {node: '>=0.10.0'}

  tslib@2.8.1:
    resolution: {integrity: sha512-oJFu94HQb+KVduSUQL7wnpmqnfmLsOA/nAh6b6EH0wCEoK0/mPeXU6c3wKDV83MkOuHPRHtSXKKU99IBazS/2w==, tarball: https://packages.atlassian.com/api/npm/npm-remote/tslib/-/tslib-2.8.1.tgz}

  tsx@4.21.0:
    resolution: {integrity: sha512-5C1sg4USs1lfG0GFb2RLXsdpXqBSEhAaA/0kPL01wxzpMqLILNxIxIOKiILz+cdg/pLnOUxFYOR5yhHU666wbw==, tarball: https://packages.atlassian.com/api/npm/npm-remote/tsx/-/tsx-4.21.0.tgz}
    engines: {node: '>=18.0.0'}
    hasBin: true

  typescript@5.9.3:
    resolution: {integrity: sha512-jl1vZzPDinLr9eUt3J/t7V6FgNEw9QjvBPdysz9KfQDD41fQrC2Y4vKQdiaUpFT4bXlb1RHhLpp8wtm6M5TgSw==, tarball: https://packages.atlassian.com/api/npm/npm-remote/typescript/-/typescript-5.9.3.tgz}
    engines: {node: '>=14.17'}
    hasBin: true

  undici-types@6.21.0:
    resolution: {integrity: sha512-iwDZqg0QAGrg9Rav5H4n0M64c3mkR59cJ6wQp+7C4nI0gsmExaedaYLNO44eT4AtBBwjbTiGPMlt2Md0T9H9JQ==, tarball: https://packages.atlassian.com/api/npm/npm-remote/undici-types/-/undici-types-6.21.0.tgz}

  undici@7.25.0:
    resolution: {integrity: sha512-xXnp4kTyor2Zq+J1FfPI6Eq3ew5h6Vl0F/8d9XU5zZQf1tX9s2Su1/3PiMmUANFULpmksxkClamIZcaUqryHsQ==, tarball: https://packages.atlassian.com/api/npm/npm-remote/undici/-/undici-7.25.0.tgz}
    engines: {node: '>=20.18.1'}

  ws@8.20.0:
    resolution: {integrity: sha512-sAt8BhgNbzCtgGbt2OxmpuryO63ZoDk/sqaB/znQm94T4fCEsy/yV+7CdC1kJhOU9lboAEU7R3kquuycDoibVA==, tarball: https://packages.atlassian.com/api/npm/npm-remote/ws/-/ws-8.20.0.tgz}
    engines: {node: '>=10.0.0'}
    peerDependencies:
      bufferutil: ^4.0.1
      utf-8-validate: '>=5.0.2'
    peerDependenciesMeta:
      bufferutil:
        optional: true
      utf-8-validate:
        optional: true

snapshots:

  '@esbuild/aix-ppc64@0.27.7':
    optional: true

  '@esbuild/android-arm64@0.27.7':
    optional: true

  '@esbuild/android-arm@0.27.7':
    optional: true

  '@esbuild/android-x64@0.27.7':
    optional: true

  '@esbuild/darwin-arm64@0.27.7':
    optional: true

  '@esbuild/darwin-x64@0.27.7':
    optional: true

  '@esbuild/freebsd-arm64@0.27.7':
    optional: true

  '@esbuild/freebsd-x64@0.27.7':
    optional: true

  '@esbuild/linux-arm64@0.27.7':
    optional: true

  '@esbuild/linux-arm@0.27.7':
    optional: true

  '@esbuild/linux-ia32@0.27.7':
    optional: true

  '@esbuild/linux-loong64@0.27.7':
    optional: true

  '@esbuild/linux-mips64el@0.27.7':
    optional: true

  '@esbuild/linux-ppc64@0.27.7':
    optional: true

  '@esbuild/linux-riscv64@0.27.7':
    optional: true

  '@esbuild/linux-s390x@0.27.7':
    optional: true

  '@esbuild/linux-x64@0.27.7':
    optional: true

  '@esbuild/netbsd-arm64@0.27.7':
    optional: true

  '@esbuild/netbsd-x64@0.27.7':
    optional: true

  '@esbuild/openbsd-arm64@0.27.7':
    optional: true

  '@esbuild/openbsd-x64@0.27.7':
    optional: true

  '@esbuild/openharmony-arm64@0.27.7':
    optional: true

  '@esbuild/sunos-x64@0.27.7':
    optional: true

  '@esbuild/win32-arm64@0.27.7':
    optional: true

  '@esbuild/win32-ia32@0.27.7':
    optional: true

  '@esbuild/win32-x64@0.27.7':
    optional: true

  '@types/node@20.19.40':
    dependencies:
      undici-types: 6.21.0

  '@types/ws@8.18.1':
    dependencies:
      '@types/node': 20.19.40

  agent-base@9.0.0: {}

  ast-types@0.13.4:
    dependencies:
      tslib: 2.8.1

  basic-ftp@5.3.1: {}

  data-uri-to-buffer@8.0.0: {}

  debug@4.4.3:
    dependencies:
      ms: 2.1.3

  degenerator@7.0.1(quickjs-wasi@2.2.0):
    dependencies:
      ast-types: 0.13.4
      escodegen: 2.1.0
      esprima: 4.0.1
      quickjs-wasi: 2.2.0

  esbuild@0.27.7:
    optionalDependencies:
      '@esbuild/aix-ppc64': 0.27.7
      '@esbuild/android-arm': 0.27.7
      '@esbuild/android-arm64': 0.27.7
      '@esbuild/android-x64': 0.27.7
      '@esbuild/darwin-arm64': 0.27.7
      '@esbuild/darwin-x64': 0.27.7
      '@esbuild/freebsd-arm64': 0.27.7
      '@esbuild/freebsd-x64': 0.27.7
      '@esbuild/linux-arm': 0.27.7
      '@esbuild/linux-arm64': 0.27.7
      '@esbuild/linux-ia32': 0.27.7
      '@esbuild/linux-loong64': 0.27.7
      '@esbuild/linux-mips64el': 0.27.7
      '@esbuild/linux-ppc64': 0.27.7
      '@esbuild/linux-riscv64': 0.27.7
      '@esbuild/linux-s390x': 0.27.7
      '@esbuild/linux-x64': 0.27.7
      '@esbuild/netbsd-arm64': 0.27.7
      '@esbuild/netbsd-x64': 0.27.7
      '@esbuild/openbsd-arm64': 0.27.7
      '@esbuild/openbsd-x64': 0.27.7
      '@esbuild/openharmony-arm64': 0.27.7
      '@esbuild/sunos-x64': 0.27.7
      '@esbuild/win32-arm64': 0.27.7
      '@esbuild/win32-ia32': 0.27.7
      '@esbuild/win32-x64': 0.27.7

  escodegen@2.1.0:
    dependencies:
      esprima: 4.0.1
      estraverse: 5.3.0
      esutils: 2.0.3
    optionalDependencies:
      source-map: 0.6.1

  esprima@4.0.1: {}

  estraverse@5.3.0: {}

  esutils@2.0.3: {}

  fsevents@2.3.3:
    optional: true

  get-tsconfig@4.14.0:
    dependencies:
      resolve-pkg-maps: 1.0.0

  get-uri@8.0.0:
    dependencies:
      basic-ftp: 5.3.1
      data-uri-to-buffer: 8.0.0
      debug: 4.4.3
    transitivePeerDependencies:
      - supports-color

  http-proxy-agent@9.0.0:
    dependencies:
      agent-base: 9.0.0
      debug: 4.4.3
    transitivePeerDependencies:
      - supports-color

  https-proxy-agent@9.0.0:
    dependencies:
      agent-base: 9.0.0
      debug: 4.4.3
    transitivePeerDependencies:
      - supports-color

  ip-address@10.2.0: {}

  lru-cache@7.18.3: {}

  ms@2.1.3: {}

  netmask@2.1.1: {}

  pac-proxy-agent@9.0.1:
    dependencies:
      agent-base: 9.0.0
      debug: 4.4.3
      get-uri: 8.0.0
      http-proxy-agent: 9.0.0
      https-proxy-agent: 9.0.0
      pac-resolver: 9.0.1(quickjs-wasi@2.2.0)
      quickjs-wasi: 2.2.0
      socks-proxy-agent: 10.0.0
    transitivePeerDependencies:
      - supports-color

  pac-resolver@9.0.1(quickjs-wasi@2.2.0):
    dependencies:
      degenerator: 7.0.1(quickjs-wasi@2.2.0)
      netmask: 2.1.1
      quickjs-wasi: 2.2.0

  proxy-agent@8.0.1:
    dependencies:
      agent-base: 9.0.0
      debug: 4.4.3
      http-proxy-agent: 9.0.0
      https-proxy-agent: 9.0.0
      lru-cache: 7.18.3
      pac-proxy-agent: 9.0.1
      proxy-from-env: 2.1.0
      socks-proxy-agent: 10.0.0
    transitivePeerDependencies:
      - supports-color

  proxy-from-env@2.1.0: {}

  quickjs-wasi@2.2.0: {}

  resolve-pkg-maps@1.0.0: {}

  smart-buffer@4.2.0: {}

  socks-proxy-agent@10.0.0:
    dependencies:
      agent-base: 9.0.0
      debug: 4.4.3
      socks: 2.8.8
    transitivePeerDependencies:
      - supports-color

  socks@2.8.8:
    dependencies:
      ip-address: 10.2.0
      smart-buffer: 4.2.0

  source-map@0.6.1:
    optional: true

  tslib@2.8.1: {}

  tsx@4.21.0:
    dependencies:
      esbuild: 0.27.7
      get-tsconfig: 4.14.0
    optionalDependencies:
      fsevents: 2.3.3

  typescript@5.9.3: {}

  undici-types@6.21.0: {}

  undici@7.25.0: {}

  ws@8.20.0: {}
